
Microsoft Visual Studio Solution File, Format Version 12.00
# Visual Studio Version 16
VisualStudioVersion = 16.0.31129.286
MinimumVisualStudioVersion = 10.0.40219.1
Project("{FAE04EC0-301F-11D3-BF4B-00C04F79EFBC}") = "DRmusicDriverTest", "DRmusicDriverTest\DRmusicDriverTest.csproj", "{40300284-C693-4CFA-B44C-3667BFEED44C}"
EndProject
Global
	GlobalSection(SolutionConfigurationPlatforms) = preSolution
		Debug|Any CPU = Debug|Any CPU
		Release|Any CPU = Release|Any CPU
	EndGlobalSection
	GlobalSection(ProjectConfigurationPlatforms) = postSolution
		{40300284-C693-4CFA-B44C-3667BFEED44C}.Debug|Any CPU.ActiveCfg = Debug|Any CPU
		{40300284-C693-4CFA-B44C-3667BFEED44C}.Debug|Any CPU.Build.0 = Debug|Any CPU
		{40300284-C693-4CFA-B44C-3667BFEED44C}.Release|Any CPU.ActiveCfg = Release|Any CPU
		{40300284-C693-4CFA-B44C-3667BFEED44C}.Release|Any CPU.Build.0 = Release|Any CPU
	EndGlobalSection
	GlobalSection(SolutionProperties) = preSolution
		HideSolutionNode = FALSE
	EndGlobalSection
	GlobalSection(ExtensibilityGlobals) = postSolution
		SolutionGuid = {264EF8BB-3D63-4B32-A685-C0F910C8A38C}
	EndGlobalSection
EndGlobal
